{
  "requires": true,
  "lockfileVersion": 1,
  "dependencies": {
    "vuetify": {
      "version": "2.5.9",
      "resolved": "https://registry.npmjs.org/vuetify/-/vuetify-2.5.9.tgz",
      "integrity": "sha512-rQaa8MDxnv449l+XCmFCN9bRQpCUT8mewW6yIc6DHiXh9bAneD6jXF023doK0KkcS8+vRSrtgBESsLYA6te+dg=="
    }
  }
}
